
Microsoft Visual Studio Solution File, Format Version 12.00
# Visual Studio Version 17
VisualStudioVersion = 17.9.34701.34
MinimumVisualStudioVersion = 10.0.40219.1
Project("{9A19103F-16F7-4668-BE54-9A1E7A4F7556}") = "Ejercicio1.Api", "Ejercicio1.Api\Ejercicio1.Api.csproj", "{B2A113B8-BC2E-4A6D-B3D6-56B7378EC3F4}"
EndProject
Project("{9A19103F-16F7-4668-BE54-9A1E7A4F7556}") = "UI.Ejercicio1", "UI.Ejercicio1\UI.Ejercicio1\UI.Ejercicio1.csproj", "{56F303E4-5BAF-4392-8483-7AA65AE6CA63}"
EndProject
Project("{2150E333-8FDC-42A3-9474-1A3956D46DE8}") = "1.Ejercicio1", "1.Ejercicio1", "{7779B197-E3A1-4B27-B522-55461642F44F}"
EndProject
Project("{2150E333-8FDC-42A3-9474-1A3956D46DE8}") = "1.UI", "1.UI", "{1483DF96-4E17-43B3-8800-46D7F8AFF42F}"
EndProject
Project("{2150E333-8FDC-42A3-9474-1A3956D46DE8}") = "2.Api", "2.Api", "{E96CF4AF-AB9A-4CA7-BE4B-AF6462DDF271}"
EndProject
Project("{2150E333-8FDC-42A3-9474-1A3956D46DE8}") = "3.Core", "3.Core", "{0C6A8E47-B2B6-4EF6-8BB8-E20F86B8B3B4}"
EndProject
Project("{2150E333-8FDC-42A3-9474-1A3956D46DE8}") = "4.Infraestructura", "4.Infraestructura", "{1EC41046-3843-47BA-88A2-8E1CFED130EB}"
EndProject
Project("{2150E333-8FDC-42A3-9474-1A3956D46DE8}") = "Common", "Common", "{02F774BF-A135-4A6E-97AD-E27E05DE3599}"
EndProject
Project("{FAE04EC0-301F-11D3-BF4B-00C04F79EFBC}") = "Ejercicio1.Entidades", "Ejercicio1.Entidades\Ejercicio1.Entidades.csproj", "{B83F5C52-7165-4C2A-954D-DC919D3DE279}"
EndProject
Project("{FAE04EC0-301F-11D3-BF4B-00C04F79EFBC}") = "Ejercicio1.Repositorio", "Ejercicio1.Repositorio\Ejercicio1.Repositorio.csproj", "{6469D3FF-46C7-477A-9DA7-89B1D65A7F35}"
EndProject
Project("{FAE04EC0-301F-11D3-BF4B-00C04F79EFBC}") = "Ejercicio1.Interfaces", "Ejercicio1.Interfaces\Ejercicio1.Interfaces.csproj", "{094D784C-0615-4FB5-8AA9-946E6BD9C8AD}"
EndProject
Project("{FAE04EC0-301F-11D3-BF4B-00C04F79EFBC}") = "Ejercicio1.DTO", "Ejercicio1.DTO\Ejercicio1.DTO.csproj", "{5990FA8D-89C7-4DD9-A841-ECD54725E980}"
EndProject
Project("{FAE04EC0-301F-11D3-BF4B-00C04F79EFBC}") = "Configuraciones", "Configuraciones\Configuraciones.csproj", "{7E19CD8D-C2ED-44A5-B71D-5DBDE4324D99}"
EndProject
Project("{FAE04EC0-301F-11D3-BF4B-00C04F79EFBC}") = "IoC", "IoC\IoC.csproj", "{95C77F80-193C-4D35-A1F9-A22A4D884688}"
EndProject
Project("{FAE04EC0-301F-11D3-BF4B-00C04F79EFBC}") = "Ejercicio1.Servicios", "Ejercicio1.Servicios\Ejercicio1.Servicios.csproj", "{942EE4CA-ADEA-4D12-AE9B-44A3A08B6F10}"
EndProject
Global
	GlobalSection(SolutionConfigurationPlatforms) = preSolution
		Debug|Any CPU = Debug|Any CPU
		Release|Any CPU = Release|Any CPU
	EndGlobalSection
	GlobalSection(ProjectConfigurationPlatforms) = postSolution
		{B2A113B8-BC2E-4A6D-B3D6-56B7378EC3F4}.Debug|Any CPU.ActiveCfg = Debug|Any CPU
		{B2A113B8-BC2E-4A6D-B3D6-56B7378EC3F4}.Debug|Any CPU.Build.0 = Debug|Any CPU
		{B2A113B8-BC2E-4A6D-B3D6-56B7378EC3F4}.Release|Any CPU.ActiveCfg = Release|Any CPU
		{B2A113B8-BC2E-4A6D-B3D6-56B7378EC3F4}.Release|Any CPU.Build.0 = Release|Any CPU
		{56F303E4-5BAF-4392-8483-7AA65AE6CA63}.Debug|Any CPU.ActiveCfg = Debug|Any CPU
		{56F303E4-5BAF-4392-8483-7AA65AE6CA63}.Debug|Any CPU.Build.0 = Debug|Any CPU
		{56F303E4-5BAF-4392-8483-7AA65AE6CA63}.Release|Any CPU.ActiveCfg = Release|Any CPU
		{56F303E4-5BAF-4392-8483-7AA65AE6CA63}.Release|Any CPU.Build.0 = Release|Any CPU
		{B83F5C52-7165-4C2A-954D-DC919D3DE279}.Debug|Any CPU.ActiveCfg = Debug|Any CPU
		{B83F5C52-7165-4C2A-954D-DC919D3DE279}.Debug|Any CPU.Build.0 = Debug|Any CPU
		{B83F5C52-7165-4C2A-954D-DC919D3DE279}.Release|Any CPU.ActiveCfg = Release|Any CPU
		{B83F5C52-7165-4C2A-954D-DC919D3DE279}.Release|Any CPU.Build.0 = Release|Any CPU
		{6469D3FF-46C7-477A-9DA7-89B1D65A7F35}.Debug|Any CPU.ActiveCfg = Debug|Any CPU
		{6469D3FF-46C7-477A-9DA7-89B1D65A7F35}.Debug|Any CPU.Build.0 = Debug|Any CPU
		{6469D3FF-46C7-477A-9DA7-89B1D65A7F35}.Release|Any CPU.ActiveCfg = Release|Any CPU
		{6469D3FF-46C7-477A-9DA7-89B1D65A7F35}.Release|Any CPU.Build.0 = Release|Any CPU
		{094D784C-0615-4FB5-8AA9-946E6BD9C8AD}.Debug|Any CPU.ActiveCfg = Debug|Any CPU
		{094D784C-0615-4FB5-8AA9-946E6BD9C8AD}.Debug|Any CPU.Build.0 = Debug|Any CPU
		{094D784C-0615-4FB5-8AA9-946E6BD9C8AD}.Release|Any CPU.ActiveCfg = Release|Any CPU
		{094D784C-0615-4FB5-8AA9-946E6BD9C8AD}.Release|Any CPU.Build.0 = Release|Any CPU
		{5990FA8D-89C7-4DD9-A841-ECD54725E980}.Debug|Any CPU.ActiveCfg = Debug|Any CPU
		{5990FA8D-89C7-4DD9-A841-ECD54725E980}.Debug|Any CPU.Build.0 = Debug|Any CPU
		{5990FA8D-89C7-4DD9-A841-ECD54725E980}.Release|Any CPU.ActiveCfg = Release|Any CPU
		{5990FA8D-89C7-4DD9-A841-ECD54725E980}.Release|Any CPU.Build.0 = Release|Any CPU
		{7E19CD8D-C2ED-44A5-B71D-5DBDE4324D99}.Debug|Any CPU.ActiveCfg = Debug|Any CPU
		{7E19CD8D-C2ED-44A5-B71D-5DBDE4324D99}.Debug|Any CPU.Build.0 = Debug|Any CPU
		{7E19CD8D-C2ED-44A5-B71D-5DBDE4324D99}.Release|Any CPU.ActiveCfg = Release|Any CPU
		{7E19CD8D-C2ED-44A5-B71D-5DBDE4324D99}.Release|Any CPU.Build.0 = Release|Any CPU
		{95C77F80-193C-4D35-A1F9-A22A4D884688}.Debug|Any CPU.ActiveCfg = Debug|Any CPU
		{95C77F80-193C-4D35-A1F9-A22A4D884688}.Debug|Any CPU.Build.0 = Debug|Any CPU
		{95C77F80-193C-4D35-A1F9-A22A4D884688}.Release|Any CPU.ActiveCfg = Release|Any CPU
		{95C77F80-193C-4D35-A1F9-A22A4D884688}.Release|Any CPU.Build.0 = Release|Any CPU
		{942EE4CA-ADEA-4D12-AE9B-44A3A08B6F10}.Debug|Any CPU.ActiveCfg = Debug|Any CPU
		{942EE4CA-ADEA-4D12-AE9B-44A3A08B6F10}.Debug|Any CPU.Build.0 = Debug|Any CPU
		{942EE4CA-ADEA-4D12-AE9B-44A3A08B6F10}.Release|Any CPU.ActiveCfg = Release|Any CPU
		{942EE4CA-ADEA-4D12-AE9B-44A3A08B6F10}.Release|Any CPU.Build.0 = Release|Any CPU
	EndGlobalSection
	GlobalSection(SolutionProperties) = preSolution
		HideSolutionNode = FALSE
	EndGlobalSection
	GlobalSection(NestedProjects) = preSolution
		{B2A113B8-BC2E-4A6D-B3D6-56B7378EC3F4} = {E96CF4AF-AB9A-4CA7-BE4B-AF6462DDF271}
		{56F303E4-5BAF-4392-8483-7AA65AE6CA63} = {1483DF96-4E17-43B3-8800-46D7F8AFF42F}
		{1483DF96-4E17-43B3-8800-46D7F8AFF42F} = {7779B197-E3A1-4B27-B522-55461642F44F}
		{E96CF4AF-AB9A-4CA7-BE4B-AF6462DDF271} = {7779B197-E3A1-4B27-B522-55461642F44F}
		{0C6A8E47-B2B6-4EF6-8BB8-E20F86B8B3B4} = {7779B197-E3A1-4B27-B522-55461642F44F}
		{1EC41046-3843-47BA-88A2-8E1CFED130EB} = {7779B197-E3A1-4B27-B522-55461642F44F}
		{B83F5C52-7165-4C2A-954D-DC919D3DE279} = {1EC41046-3843-47BA-88A2-8E1CFED130EB}
		{6469D3FF-46C7-477A-9DA7-89B1D65A7F35} = {1EC41046-3843-47BA-88A2-8E1CFED130EB}
		{094D784C-0615-4FB5-8AA9-946E6BD9C8AD} = {0C6A8E47-B2B6-4EF6-8BB8-E20F86B8B3B4}
		{5990FA8D-89C7-4DD9-A841-ECD54725E980} = {0C6A8E47-B2B6-4EF6-8BB8-E20F86B8B3B4}
		{7E19CD8D-C2ED-44A5-B71D-5DBDE4324D99} = {02F774BF-A135-4A6E-97AD-E27E05DE3599}
		{95C77F80-193C-4D35-A1F9-A22A4D884688} = {02F774BF-A135-4A6E-97AD-E27E05DE3599}
		{942EE4CA-ADEA-4D12-AE9B-44A3A08B6F10} = {0C6A8E47-B2B6-4EF6-8BB8-E20F86B8B3B4}
	EndGlobalSection
	GlobalSection(ExtensibilityGlobals) = postSolution
		SolutionGuid = {D16BDC65-A81F-437E-B446-3EC2BF7EB3EA}
	EndGlobalSection
EndGlobal
